{
  "name": "miniprogram",
  "version": "1.0.0",
  "lockfileVersion": 3,
  "requires": true,
  "packages": {
    "": {
      "name": "miniprogram",
      "version": "1.0.0",
      "license": "ISC",
      "devDependencies": {
<<<<<<< HEAD
        "miniprogram-api-typings": "^4.0.4"
      }
    },
    "node_modules/miniprogram-api-typings": {
      "version": "4.0.4",
      "resolved": "https://registry.npmmirror.com/miniprogram-api-typings/-/miniprogram-api-typings-4.0.4.tgz",
      "integrity": "sha512-51SElLHA9t7/v54IFVjZcbeP04dQL4HreCvBLt3XGA3qruKRT9gvBtBvHXfOjXbhjVd6Vy2myOg/0LELPWmhfg==",
=======
        "miniprogram-api-typings": "^4.0.2"
      }
    },
    "node_modules/miniprogram-api-typings": {
      "version": "4.0.2",
      "resolved": "https://registry.npmmirror.com/miniprogram-api-typings/-/miniprogram-api-typings-4.0.2.tgz",
      "integrity": "sha512-hDrWCaJamsMB6Sg+0oMzGgSOse8EzumfN+VQFBKtJe2LbeKibGruB/ptNd4viXdcdgfahQ+Ji5Z9v9meoG9iuw==",
>>>>>>> 30252565cb8ed3b276ff006e4bc3e9781cd83b84
      "dev": true,
      "license": "MIT"
    }
  }
}
